// !$*UTF8*$!
{
	archiveVersion = 1;
	classes = {
	};
	objectVersion = 46;
	objects = {

/* Begin PBXBuildFile section */
		51BE16B576094AF7B888CD03 /* libPods.a in Frameworks */ = {isa = PBXBuildFile; fileRef = ECEB0E80EABE4BF59CD61C50 /* libPods.a */; };
		C20E7DCF18DE161F00250F33 /* WFCNetworkAccessForecast.m in Sources */ = {isa = PBXBuildFile; fileRef = C20E7DCE18DE161F00250F33 /* WFCNetworkAccessForecast.m */; };
		C20E7DD118DE1C8C00250F33 /* WFCNetworkAccessForecastTests.m in Sources */ = {isa = PBXBuildFile; fileRef = C20E7DD018DE1C8C00250F33 /* WFCNetworkAccessForecastTests.m */; };
		C20E7DD418DE2B2E00250F33 /* MainApplication.storyboard in Resources */ = {isa = PBXBuildFile; fileRef = C20E7DD318DE2B2E00250F33 /* MainApplication.storyboard */; };
		C20F79FF18DF8F300014D711 /* WFCTableViewCellFiveDayForecast.m in Sources */ = {isa = PBXBuildFile; fileRef = C20F79FE18DF8F300014D711 /* WFCTableViewCellFiveDayForecast.m */; };
		C20F7A0218DF91F40014D711 /* WFCDataSourceHomeTableView.m in Sources */ = {isa = PBXBuildFile; fileRef = C20F7A0118DF91F40014D711 /* WFCDataSourceHomeTableView.m */; };
		C20F7A0518DF98570014D711 /* WFCDelegateHomeTableView.m in Sources */ = {isa = PBXBuildFile; fileRef = C20F7A0418DF98570014D711 /* WFCDelegateHomeTableView.m */; };
		C20F7A0818DFB3140014D711 /* UIImage+WFCExtensions.m in Sources */ = {isa = PBXBuildFile; fileRef = C20F7A0718DFB3140014D711 /* UIImage+WFCExtensions.m */; };
		C20F7A0A18DFD1B90014D711 /* WFCHomeTableHeaderView.xib in Resources */ = {isa = PBXBuildFile; fileRef = C20F7A0918DFD1B90014D711 /* WFCHomeTableHeaderView.xib */; };
		C210D37118DD1DDA00AF5208 /* WFCModelCurrentConditions.m in Sources */ = {isa = PBXBuildFile; fileRef = C210D37018DD1DDA00AF5208 /* WFCModelCurrentConditions.m */; };
		C210D37418DD21EA00AF5208 /* WFCModelWeatherForecast.m in Sources */ = {isa = PBXBuildFile; fileRef = C210D37318DD21EA00AF5208 /* WFCModelWeatherForecast.m */; };
		C210D37718DD269A00AF5208 /* WFCModelSingleDayForecast.m in Sources */ = {isa = PBXBuildFile; fileRef = C210D37618DD269A00AF5208 /* WFCModelSingleDayForecast.m */; };
		C210D37F18DDDFDB00AF5208 /* SampleBadJson.json in Resources */ = {isa = PBXBuildFile; fileRef = C210D37C18DDDFDB00AF5208 /* SampleBadJson.json */; };
		C210D38018DDDFDB00AF5208 /* SampleWeatherDubln.json in Resources */ = {isa = PBXBuildFile; fileRef = C210D37D18DDDFDB00AF5208 /* SampleWeatherDubln.json */; };
		C210D38118DDDFDB00AF5208 /* SampleWeatherMissingData.json in Resources */ = {isa = PBXBuildFile; fileRef = C210D37E18DDDFDB00AF5208 /* SampleWeatherMissingData.json */; };
		C210D38418DDE01A00AF5208 /* WFCWeatherDataBinderTests.m in Sources */ = {isa = PBXBuildFile; fileRef = C210D38318DDE01A00AF5208 /* WFCWeatherDataBinderTests.m */; };
		C210D38718DDE07100AF5208 /* NSBundle+TestBundle.m in Sources */ = {isa = PBXBuildFile; fileRef = C210D38618DDE07100AF5208 /* NSBundle+TestBundle.m */; };
		C210D39118DDEFF700AF5208 /* WFCNetworkAccess.m in Sources */ = {isa = PBXBuildFile; fileRef = C210D39018DDEFF700AF5208 /* WFCNetworkAccess.m */; };
		C210D39418DDF4CE00AF5208 /* WFCNetworkAccessMKNetwork.m in Sources */ = {isa = PBXBuildFile; fileRef = C210D39318DDF4CE00AF5208 /* WFCNetworkAccessMKNetwork.m */; };
		C210D39718DDFCD000AF5208 /* WFCNetworkAccessTests.m in Sources */ = {isa = PBXBuildFile; fileRef = C210D39618DDFCD000AF5208 /* WFCNetworkAccessTests.m */; };
		C210D39A18DDFE1A00AF5208 /* WFCNetworkAccessRequest.m in Sources */ = {isa = PBXBuildFile; fileRef = C210D39918DDFE1A00AF5208 /* WFCNetworkAccessRequest.m */; };
		C210D39C18DE00B900AF5208 /* WFCNetworkAccessMKNetworkTests.m in Sources */ = {isa = PBXBuildFile; fileRef = C210D39B18DE00B900AF5208 /* WFCNetworkAccessMKNetworkTests.m */; };
		C25531B018DBC20C0089D762 /* Foundation.framework in Frameworks */ = {isa = PBXBuildFile; fileRef = C25531AF18DBC20C0089D762 /* Foundation.framework */; };
		C25531B218DBC20C0089D762 /* CoreGraphics.framework in Frameworks */ = {isa = PBXBuildFile; fileRef = C25531B118DBC20C0089D762 /* CoreGraphics.framework */; };
		C25531B418DBC20C0089D762 /* UIKit.framework in Frameworks */ = {isa = PBXBuildFile; fileRef = C25531B318DBC20C0089D762 /* UIKit.framework */; };
		C25531BA18DBC20C0089D762 /* InfoPlist.strings in Resources */ = {isa = PBXBuildFile; fileRef = C25531B818DBC20C0089D762 /* InfoPlist.strings */; };
		C25531BC18DBC20C0089D762 /* main.m in Sources */ = {isa = PBXBuildFile; fileRef = C25531BB18DBC20C0089D762 /* main.m */; };
		C25531C018DBC20C0089D762 /* WFCAppDelegate.m in Sources */ = {isa = PBXBuildFile; fileRef = C25531BF18DBC20C0089D762 /* WFCAppDelegate.m */; };
		C25531C218DBC20C0089D762 /* WFCImages.xcassets in Resources */ = {isa = PBXBuildFile; fileRef = C25531C118DBC20C0089D762 /* WFCImages.xcassets */; };
		C25531C918DBC20C0089D762 /* XCTest.framework in Frameworks */ = {isa = PBXBuildFile; fileRef = C25531C818DBC20C0089D762 /* XCTest.framework */; };
		C25531CA18DBC20C0089D762 /* Foundation.framework in Frameworks */ = {isa = PBXBuildFile; fileRef = C25531AF18DBC20C0089D762 /* Foundation.framework */; };
		C25531CB18DBC20C0089D762 /* UIKit.framework in Frameworks */ = {isa = PBXBuildFile; fileRef = C25531B318DBC20C0089D762 /* UIKit.framework */; };
		C25531D318DBC20C0089D762 /* InfoPlist.strings in Resources */ = {isa = PBXBuildFile; fileRef = C25531D118DBC20C0089D762 /* InfoPlist.strings */; };
		C25F833818DE3CB300CD0A4C /* WFCViewControllerHome.m in Sources */ = {isa = PBXBuildFile; fileRef = C25F833718DE3CB300CD0A4C /* WFCViewControllerHome.m */; };
		C25F833B18DE411E00CD0A4C /* WFCNavigationManager.m in Sources */ = {isa = PBXBuildFile; fileRef = C25F833A18DE411E00CD0A4C /* WFCNavigationManager.m */; };
		C25F833E18DE4E1100CD0A4C /* WFCViewControllerAddCity.m in Sources */ = {isa = PBXBuildFile; fileRef = C25F833D18DE4E1100CD0A4C /* WFCViewControllerAddCity.m */; };
		C2AEDCC218DF073C007AB831 /* WFCPersistanceCityNameManager.m in Sources */ = {isa = PBXBuildFile; fileRef = C2AEDCC118DF073C007AB831 /* WFCPersistanceCityNameManager.m */; };
		C2AEDCC518DF0C58007AB831 /* WFCPersistanceCityNameManagerTests.m in Sources */ = {isa = PBXBuildFile; fileRef = C2AEDCC418DF0C58007AB831 /* WFCPersistanceCityNameManagerTests.m */; };
		C2AEDCC818DF0F44007AB831 /* WFCPersistanceCityNamesModel.m in Sources */ = {isa = PBXBuildFile; fileRef = C2AEDCC718DF0F44007AB831 /* WFCPersistanceCityNamesModel.m */; };
		C2AEDCCC18DF221E007AB831 /* WFCDataSourceAddCityTable.m in Sources */ = {isa = PBXBuildFile; fileRef = C2AEDCCB18DF221E007AB831 /* WFCDataSourceAddCityTable.m */; };
		C2AEDCD018DF2AA0007AB831 /* WFCDelegateAddCityTable.m in Sources */ = {isa = PBXBuildFile; fileRef = C2AEDCCF18DF2AA0007AB831 /* WFCDelegateAddCityTable.m */; };
		C2AEDCD418DF3768007AB831 /* WFCCommand.m in Sources */ = {isa = PBXBuildFile; fileRef = C2AEDCD318DF3768007AB831 /* WFCCommand.m */; };
		C2AEDCD718DF37F3007AB831 /* WFCCommandInvokeForecastRequest.m in Sources */ = {isa = PBXBuildFile; fileRef = C2AEDCD618DF37F3007AB831 /* WFCCommandInvokeForecastRequest.m */; };
		C2D249E418DBD4D50005BEF6 /* WFCBinder.m in Sources */ = {isa = PBXBuildFile; fileRef = C2D249E318DBD4D50005BEF6 /* WFCBinder.m */; };
		C2D249E718DBD4DE0005BEF6 /* WFCModelDataAccessBase.m in Sources */ = {isa = PBXBuildFile; fileRef = C2D249E618DBD4DE0005BEF6 /* WFCModelDataAccessBase.m */; };
		C2D249EC18DBDB570005BEF6 /* WFCBinderFiveDayForecast.m in Sources */ = {isa = PBXBuildFile; fileRef = C2D249EB18DBDB570005BEF6 /* WFCBinderFiveDayForecast.m */; };
		C2D249F018DBE0860005BEF6 /* WFCModelFiveDayForecast.m in Sources */ = {isa = PBXBuildFile; fileRef = C2D249EF18DBE0860005BEF6 /* WFCModelFiveDayForecast.m */; };
		C2EDD7F118DF5E5B004DA7DB /* MKNetworkEngine+WFCExtensions.m in Sources */ = {isa = PBXBuildFile; fileRef = C2EDD7F018DF5E5B004DA7DB /* MKNetworkEngine+WFCExtensions.m */; };
		C2EDD7F818DF6BA6004DA7DB /* WFCModelAccessFiveDayForecast.m in Sources */ = {isa = PBXBuildFile; fileRef = C2EDD7F718DF6BA6004DA7DB /* WFCModelAccessFiveDayForecast.m */; };
/* End PBXBuildFile section */

/* Begin PBXContainerItemProxy section */
		C25531CC18DBC20C0089D762 /* PBXContainerItemProxy */ = {
			isa = PBXContainerItemProxy;
			containerPortal = C25531A418DBC20C0089D762 /* Project object */;
			proxyType = 1;
			remoteGlobalIDString = C25531AB18DBC20C0089D762;
			remoteInfo = WeatherFergCast;
		};
/* End PBXContainerItemProxy section */

/* Begin PBXFileReference section */
		C20E7DCC18DE0ED700250F33 /* WeatherFergCastTestsHelper.h */ = {isa = PBXFileReference; lastKnownFileType = sourcecode.c.h; path = WeatherFergCastTestsHelper.h; sourceTree = "<group>"; };
		C20E7DCD18DE161F00250F33 /* WFCNetworkAccessForecast.h */ = {isa = PBXFileReference; fileEncoding = 4; lastKnownFileType = sourcecode.c.h; path = WFCNetworkAccessForecast.h; sourceTree = "<group>"; };
		C20E7DCE18DE161F00250F33 /* WFCNetworkAccessForecast.m */ = {isa = PBXFileReference; fileEncoding = 4; lastKnownFileType = sourcecode.c.objc; path = WFCNetworkAccessForecast.m; sourceTree = "<group>"; };
		C20E7DD018DE1C8C00250F33 /* WFCNetworkAccessForecastTests.m */ = {isa = PBXFileReference; fileEncoding = 4; lastKnownFileType = sourcecode.c.objc; path = WFCNetworkAccessForecastTests.m; sourceTree = "<group>"; };
		C20E7DD318DE2B2E00250F33 /* MainApplication.storyboard */ = {isa = PBXFileReference; fileEncoding = 4; lastKnownFileType = file.storyboard; path = MainApplication.storyboard; sourceTree = "<group>"; };
		C20F79FD18DF8F300014D711 /* WFCTableViewCellFiveDayForecast.h */ = {isa = PBXFileReference; fileEncoding = 4; lastKnownFileType = sourcecode.c.h; path = WFCTableViewCellFiveDayForecast.h; sourceTree = "<group>"; };
		C20F79FE18DF8F300014D711 /* WFCTableViewCellFiveDayForecast.m */ = {isa = PBXFileReference; fileEncoding = 4; lastKnownFileType = sourcecode.c.objc; path = WFCTableViewCellFiveDayForecast.m; sourceTree = "<group>"; };
		C20F7A0018DF91F40014D711 /* WFCDataSourceHomeTableView.h */ = {isa = PBXFileReference; fileEncoding = 4; lastKnownFileType = sourcecode.c.h; path = WFCDataSourceHomeTableView.h; sourceTree = "<group>"; };
		C20F7A0118DF91F40014D711 /* WFCDataSourceHomeTableView.m */ = {isa = PBXFileReference; fileEncoding = 4; lastKnownFileType = sourcecode.c.objc; path = WFCDataSourceHomeTableView.m; sourceTree = "<group>"; };
		C20F7A0318DF98570014D711 /* WFCDelegateHomeTableView.h */ = {isa = PBXFileReference; fileEncoding = 4; lastKnownFileType = sourcecode.c.h; path = WFCDelegateHomeTableView.h; sourceTree = "<group>"; };
		C20F7A0418DF98570014D711 /* WFCDelegateHomeTableView.m */ = {isa = PBXFileReference; fileEncoding = 4; lastKnownFileType = sourcecode.c.objc; path = WFCDelegateHomeTableView.m; sourceTree = "<group>"; };
		C20F7A0618DFB3140014D711 /* UIImage+WFCExtensions.h */ = {isa = PBXFileReference; fileEncoding = 4; lastKnownFileType = sourcecode.c.h; path = "UIImage+WFCExtensions.h"; sourceTree = "<group>"; };
		C20F7A0718DFB3140014D711 /* UIImage+WFCExtensions.m */ = {isa = PBXFileReference; fileEncoding = 4; lastKnownFileType = sourcecode.c.objc; path = "UIImage+WFCExtensions.m"; sourceTree = "<group>"; };
		C20F7A0918DFD1B90014D711 /* WFCHomeTableHeaderView.xib */ = {isa = PBXFileReference; fileEncoding = 4; lastKnownFileType = file.xib; path = WFCHomeTableHeaderView.xib; sourceTree = "<group>"; };
		C210D36F18DD1DDA00AF5208 /* WFCModelCurrentConditions.h */ = {isa = PBXFileReference; fileEncoding = 4; lastKnownFileType = sourcecode.c.h; path = WFCModelCurrentConditions.h; sourceTree = "<group>"; };
		C210D37018DD1DDA00AF5208 /* WFCModelCurrentConditions.m */ = {isa = PBXFileReference; fileEncoding = 4; lastKnownFileType = sourcecode.c.objc; path = WFCModelCurrentConditions.m; sourceTree = "<group>"; };
		C210D37218DD21EA00AF5208 /* WFCModelWeatherForecast.h */ = {isa = PBXFileReference; fileEncoding = 4; lastKnownFileType = sourcecode.c.h; path = WFCModelWeatherForecast.h; sourceTree = "<group>"; };
		C210D37318DD21EA00AF5208 /* WFCModelWeatherForecast.m */ = {isa = PBXFileReference; fileEncoding = 4; lastKnownFileType = sourcecode.c.objc; path = WFCModelWeatherForecast.m; sourceTree = "<group>"; };
		C210D37518DD269A00AF5208 /* WFCModelSingleDayForecast.h */ = {isa = PBXFileReference; fileEncoding = 4; lastKnownFileType = sourcecode.c.h; path = WFCModelSingleDayForecast.h; sourceTree = "<group>"; };
		C210D37618DD269A00AF5208 /* WFCModelSingleDayForecast.m */ = {isa = PBXFileReference; fileEncoding = 4; lastKnownFileType = sourcecode.c.objc; path = WFCModelSingleDayForecast.m; sourceTree = "<group>"; };
		C210D37C18DDDFDB00AF5208 /* SampleBadJson.json */ = {isa = PBXFileReference; fileEncoding = 4; lastKnownFileType = text.json; path = SampleBadJson.json; sourceTree = "<group>"; };
		C210D37D18DDDFDB00AF5208 /* SampleWeatherDubln.json */ = {isa = PBXFileReference; fileEncoding = 4; lastKnownFileType = text.json; path = SampleWeatherDubln.json; sourceTree = "<group>"; };
		C210D37E18DDDFDB00AF5208 /* SampleWeatherMissingData.json */ = {isa = PBXFileReference; fileEncoding = 4; lastKnownFileType = text.json; path = SampleWeatherMissingData.json; sourceTree = "<group>"; };
		C210D38318DDE01A00AF5208 /* WFCWeatherDataBinderTests.m */ = {isa = PBXFileReference; fileEncoding = 4; lastKnownFileType = sourcecode.c.objc; path = WFCWeatherDataBinderTests.m; sourceTree = "<group>"; };
		C210D38518DDE07100AF5208 /* NSBundle+TestBundle.h */ = {isa = PBXFileReference; fileEncoding = 4; lastKnownFileType = sourcecode.c.h; path = "NSBundle+TestBundle.h"; sourceTree = "<group>"; };
		C210D38618DDE07100AF5208 /* NSBundle+TestBundle.m */ = {isa = PBXFileReference; fileEncoding = 4; lastKnownFileType = sourcecode.c.objc; path = "NSBundle+TestBundle.m"; sourceTree = "<group>"; };
		C210D38F18DDEFF700AF5208 /* WFCNetworkAccess.h */ = {isa = PBXFileReference; fileEncoding = 4; lastKnownFileType = sourcecode.c.h; path = WFCNetworkAccess.h; sourceTree = "<group>"; };
		C210D39018DDEFF700AF5208 /* WFCNetworkAccess.m */ = {isa = PBXFileReference; fileEncoding = 4; lastKnownFileType = sourcecode.c.objc; path = WFCNetworkAccess.m; sourceTree = "<group>"; };
		C210D39218DDF4CE00AF5208 /* WFCNetworkAccessMKNetwork.h */ = {isa = PBXFileReference; fileEncoding = 4; lastKnownFileType = sourcecode.c.h; path = WFCNetworkAccessMKNetwork.h; sourceTree = "<group>"; };
		C210D39318DDF4CE00AF5208 /* WFCNetworkAccessMKNetwork.m */ = {isa = PBXFileReference; fileEncoding = 4; lastKnownFileType = sourcecode.c.objc; path = WFCNetworkAccessMKNetwork.m; sourceTree = "<group>"; };
		C210D39618DDFCD000AF5208 /* WFCNetworkAccessTests.m */ = {isa = PBXFileReference; fileEncoding = 4; lastKnownFileType = sourcecode.c.objc; path = WFCNetworkAccessTests.m; sourceTree = "<group>"; };
		C210D39818DDFE1A00AF5208 /* WFCNetworkAccessRequest.h */ = {isa = PBXFileReference; fileEncoding = 4; lastKnownFileType = sourcecode.c.h; path = WFCNetworkAccessRequest.h; sourceTree = "<group>"; };
		C210D39918DDFE1A00AF5208 /* WFCNetworkAccessRequest.m */ = {isa = PBXFileReference; fileEncoding = 4; lastKnownFileType = sourcecode.c.objc; path = WFCNetworkAccessRequest.m; sourceTree = "<group>"; };
		C210D39B18DE00B900AF5208 /* WFCNetworkAccessMKNetworkTests.m */ = {isa = PBXFileReference; fileEncoding = 4; lastKnownFileType = sourcecode.c.objc; path = WFCNetworkAccessMKNetworkTests.m; sourceTree = "<group>"; };
		C24F6CF418DFDDE800FB2629 /* WFCCityNameDelegate.h */ = {isa = PBXFileReference; lastKnownFileType = sourcecode.c.h; path = WFCCityNameDelegate.h; sourceTree = "<group>"; };
		C25531AC18DBC20C0089D762 /* WeatherFergCast.app */ = {isa = PBXFileReference; explicitFileType = wrapper.application; includeInIndex = 0; path = WeatherFergCast.app; sourceTree = BUILT_PRODUCTS_DIR; };
		C25531AF18DBC20C0089D762 /* Foundation.framework */ = {isa = PBXFileReference; lastKnownFileType = wrapper.framework; name = Foundation.framework; path = System/Library/Frameworks/Foundation.framework; sourceTree = SDKROOT; };
		C25531B118DBC20C0089D762 /* CoreGraphics.framework */ = {isa = PBXFileReference; lastKnownFileType = wrapper.framework; name = CoreGraphics.framework; path = System/Library/Frameworks/CoreGraphics.framework; sourceTree = SDKROOT; };
		C25531B318DBC20C0089D762 /* UIKit.framework */ = {isa = PBXFileReference; lastKnownFileType = wrapper.framework; name = UIKit.framework; path = System/Library/Frameworks/UIKit.framework; sourceTree = SDKROOT; };
		C25531B718DBC20C0089D762 /* WeatherFergCast-Info.plist */ = {isa = PBXFileReference; lastKnownFileType = text.plist.xml; path = "WeatherFergCast-Info.plist"; sourceTree = "<group>"; };
		C25531B918DBC20C0089D762 /* en */ = {isa = PBXFileReference; lastKnownFileType = text.plist.strings; name = en; path = en.lproj/InfoPlist.strings; sourceTree = "<group>"; };
		C25531BB18DBC20C0089D762 /* main.m */ = {isa = PBXFileReference; lastKnownFileType = sourcecode.c.objc; path = main.m; sourceTree = "<group>"; };
		C25531BD18DBC20C0089D762 /* WeatherFergCast-Prefix.pch */ = {isa = PBXFileReference; lastKnownFileType = sourcecode.c.h; path = "WeatherFergCast-Prefix.pch"; sourceTree = "<group>"; };
		C25531BE18DBC20C0089D762 /* WFCAppDelegate.h */ = {isa = PBXFileReference; lastKnownFileType = sourcecode.c.h; path = WFCAppDelegate.h; sourceTree = "<group>"; };
		C25531BF18DBC20C0089D762 /* WFCAppDelegate.m */ = {isa = PBXFileReference; lastKnownFileType = sourcecode.c.objc; path = WFCAppDelegate.m; sourceTree = "<group>"; };
		C25531C118DBC20C0089D762 /* WFCImages.xcassets */ = {isa = PBXFileReference; lastKnownFileType = folder.assetcatalog; path = WFCImages.xcassets; sourceTree = "<group>"; };
		C25531C718DBC20C0089D762 /* WeatherFergCastTests.xctest */ = {isa = PBXFileReference; explicitFileType = wrapper.cfbundle; includeInIndex = 0; path = WeatherFergCastTests.xctest; sourceTree = BUILT_PRODUCTS_DIR; };
		C25531C818DBC20C0089D762 /* XCTest.framework */ = {isa = PBXFileReference; lastKnownFileType = wrapper.framework; name = XCTest.framework; path = Library/Frameworks/XCTest.framework; sourceTree = DEVELOPER_DIR; };
		C25531D018DBC20C0089D762 /* WeatherFergCastTests-Info.plist */ = {isa = PBXFileReference; lastKnownFileType = text.plist.xml; path = "WeatherFergCastTests-Info.plist"; sourceTree = "<group>"; };
		C25531D218DBC20C0089D762 /* en */ = {isa = PBXFileReference; lastKnownFileType = text.plist.strings; name = en; path = en.lproj/InfoPlist.strings; sourceTree = "<group>"; };
		C25F833618DE3CB300CD0A4C /* WFCViewControllerHome.h */ = {isa = PBXFileReference; fileEncoding = 4; lastKnownFileType = sourcecode.c.h; path = WFCViewControllerHome.h; sourceTree = "<group>"; };
		C25F833718DE3CB300CD0A4C /* WFCViewControllerHome.m */ = {isa = PBXFileReference; fileEncoding = 4; lastKnownFileType = sourcecode.c.objc; path = WFCViewControllerHome.m; sourceTree = "<group>"; };
		C25F833918DE411E00CD0A4C /* WFCNavigationManager.h */ = {isa = PBXFileReference; fileEncoding = 4; lastKnownFileType = sourcecode.c.h; path = WFCNavigationManager.h; sourceTree = "<group>"; };
		C25F833A18DE411E00CD0A4C /* WFCNavigationManager.m */ = {isa = PBXFileReference; fileEncoding = 4; lastKnownFileType = sourcecode.c.objc; path = WFCNavigationManager.m; sourceTree = "<group>"; };
		C25F833C18DE4E1100CD0A4C /* WFCViewControllerAddCity.h */ = {isa = PBXFileReference; fileEncoding = 4; lastKnownFileType = sourcecode.c.h; path = WFCViewControllerAddCity.h; sourceTree = "<group>"; };
		C25F833D18DE4E1100CD0A4C /* WFCViewControllerAddCity.m */ = {isa = PBXFileReference; fileEncoding = 4; lastKnownFileType = sourcecode.c.objc; path = WFCViewControllerAddCity.m; sourceTree = "<group>"; };
		C2AEDCC018DF073C007AB831 /* WFCPersistanceCityNameManager.h */ = {isa = PBXFileReference; fileEncoding = 4; lastKnownFileType = sourcecode.c.h; path = WFCPersistanceCityNameManager.h; sourceTree = "<group>"; };
		C2AEDCC118DF073C007AB831 /* WFCPersistanceCityNameManager.m */ = {isa = PBXFileReference; fileEncoding = 4; lastKnownFileType = sourcecode.c.objc; path = WFCPersistanceCityNameManager.m; sourceTree = "<group>"; };
		C2AEDCC418DF0C58007AB831 /* WFCPersistanceCityNameManagerTests.m */ = {isa = PBXFileReference; fileEncoding = 4; lastKnownFileType = sourcecode.c.objc; path = WFCPersistanceCityNameManagerTests.m; sourceTree = "<group>"; };
		C2AEDCC618DF0F44007AB831 /* WFCPersistanceCityNamesModel.h */ = {isa = PBXFileReference; fileEncoding = 4; lastKnownFileType = sourcecode.c.h; path = WFCPersistanceCityNamesModel.h; sourceTree = "<group>"; };
		C2AEDCC718DF0F44007AB831 /* WFCPersistanceCityNamesModel.m */ = {isa = PBXFileReference; fileEncoding = 4; lastKnownFileType = sourcecode.c.objc; path = WFCPersistanceCityNamesModel.m; sourceTree = "<group>"; };
		C2AEDCCA18DF221E007AB831 /* WFCDataSourceAddCityTable.h */ = {isa = PBXFileReference; fileEncoding = 4; lastKnownFileType = sourcecode.c.h; path = WFCDataSourceAddCityTable.h; sourceTree = "<group>"; };
		C2AEDCCB18DF221E007AB831 /* WFCDataSourceAddCityTable.m */ = {isa = PBXFileReference; fileEncoding = 4; lastKnownFileType = sourcecode.c.objc; path = WFCDataSourceAddCityTable.m; sourceTree = "<group>"; };
		C2AEDCCE18DF2AA0007AB831 /* WFCDelegateAddCityTable.h */ = {isa = PBXFileReference; fileEncoding = 4; lastKnownFileType = sourcecode.c.h; path = WFCDelegateAddCityTable.h; sourceTree = "<group>"; };
		C2AEDCCF18DF2AA0007AB831 /* WFCDelegateAddCityTable.m */ = {isa = PBXFileReference; fileEncoding = 4; lastKnownFileType = sourcecode.c.objc; path = WFCDelegateAddCityTable.m; sourceTree = "<group>"; };
		C2AEDCD218DF3768007AB831 /* WFCCommand.h */ = {isa = PBXFileReference; fileEncoding = 4; lastKnownFileType = sourcecode.c.h; path = WFCCommand.h; sourceTree = "<group>"; };
		C2AEDCD318DF3768007AB831 /* WFCCommand.m */ = {isa = PBXFileReference; fileEncoding = 4; lastKnownFileType = sourcecode.c.objc; path = WFCCommand.m; sourceTree = "<group>"; };
		C2AEDCD518DF37F3007AB831 /* WFCCommandInvokeForecastRequest.h */ = {isa = PBXFileReference; fileEncoding = 4; lastKnownFileType = sourcecode.c.h; path = WFCCommandInvokeForecastRequest.h; sourceTree = "<group>"; };
		C2AEDCD618DF37F3007AB831 /* WFCCommandInvokeForecastRequest.m */ = {isa = PBXFileReference; fileEncoding = 4; lastKnownFileType = sourcecode.c.objc; path = WFCCommandInvokeForecastRequest.m; sourceTree = "<group>"; };
		C2D249E218DBD4D50005BEF6 /* WFCBinder.h */ = {isa = PBXFileReference; fileEncoding = 4; lastKnownFileType = sourcecode.c.h; path = WFCBinder.h; sourceTree = "<group>"; };
		C2D249E318DBD4D50005BEF6 /* WFCBinder.m */ = {isa = PBXFileReference; fileEncoding = 4; lastKnownFileType = sourcecode.c.objc; path = WFCBinder.m; sourceTree = "<group>"; };
		C2D249E518DBD4DE0005BEF6 /* WFCModelDataAccessBase.h */ = {isa = PBXFileReference; fileEncoding = 4; lastKnownFileType = sourcecode.c.h; path = WFCModelDataAccessBase.h; sourceTree = "<group>"; };
		C2D249E618DBD4DE0005BEF6 /* WFCModelDataAccessBase.m */ = {isa = PBXFileReference; fileEncoding = 4; lastKnownFileType = sourcecode.c.objc; path = WFCModelDataAccessBase.m; sourceTree = "<group>"; };
		C2D249EA18DBDB570005BEF6 /* WFCBinderFiveDayForecast.h */ = {isa = PBXFileReference; fileEncoding = 4; lastKnownFileType = sourcecode.c.h; path = WFCBinderFiveDayForecast.h; sourceTree = "<group>"; };
		C2D249EB18DBDB570005BEF6 /* WFCBinderFiveDayForecast.m */ = {isa = PBXFileReference; fileEncoding = 4; lastKnownFileType = sourcecode.c.objc; path = WFCBinderFiveDayForecast.m; sourceTree = "<group>"; };
		C2D249ED18DBDD420005BEF6 /* WFCWeatherConstants.h */ = {isa = PBXFileReference; lastKnownFileType = sourcecode.c.h; path = WFCWeatherConstants.h; sourceTree = "<group>"; };
		C2D249EE18DBE0860005BEF6 /* WFCModelFiveDayForecast.h */ = {isa = PBXFileReference; fileEncoding = 4; lastKnownFileType = sourcecode.c.h; path = WFCModelFiveDayForecast.h; sourceTree = "<group>"; };
		C2D249EF18DBE0860005BEF6 /* WFCModelFiveDayForecast.m */ = {isa = PBXFileReference; fileEncoding = 4; lastKnownFileType = sourcecode.c.objc; path = WFCModelFiveDayForecast.m; sourceTree = "<group>"; };
		C2EDD7EF18DF5E5B004DA7DB /* MKNetworkEngine+WFCExtensions.h */ = {isa = PBXFileReference; fileEncoding = 4; lastKnownFileType = sourcecode.c.h; path = "MKNetworkEngine+WFCExtensions.h"; sourceTree = "<group>"; };
		C2EDD7F018DF5E5B004DA7DB /* MKNetworkEngine+WFCExtensions.m */ = {isa = PBXFileReference; fileEncoding = 4; lastKnownFileType = sourcecode.c.objc; path = "MKNetworkEngine+WFCExtensions.m"; sourceTree = "<group>"; };
		C2EDD7F618DF6BA6004DA7DB /* WFCModelAccessFiveDayForecast.h */ = {isa = PBXFileReference; fileEncoding = 4; lastKnownFileType = sourcecode.c.h; path = WFCModelAccessFiveDayForecast.h; sourceTree = "<group>"; };
		C2EDD7F718DF6BA6004DA7DB /* WFCModelAccessFiveDayForecast.m */ = {isa = PBXFileReference; fileEncoding = 4; lastKnownFileType = sourcecode.c.objc; path = WFCModelAccessFiveDayForecast.m; sourceTree = "<group>"; };
		C2EDD7F918DF7212004DA7DB /* WFCForecastObserver.h */ = {isa = PBXFileReference; lastKnownFileType = sourcecode.c.h; path = WFCForecastObserver.h; sourceTree = "<group>"; };
		CD48C643127A416193DA4DE4 /* Pods.xcconfig */ = {isa = PBXFileReference; includeInIndex = 1; lastKnownFileType = text.xcconfig; name = Pods.xcconfig; path = Pods/Pods.xcconfig; sourceTree = "<group>"; };
		ECEB0E80EABE4BF59CD61C50 /* libPods.a */ = {isa = PBXFileReference; explicitFileType = archive.ar; includeInIndex = 0; path = libPods.a; sourceTree = BUILT_PRODUCTS_DIR; };
/* End PBXFileReference section */

/* Begin PBXFrameworksBuildPhase section */
		C25531A918DBC20C0089D762 /* Frameworks */ = {
			isa = PBXFrameworksBuildPhase;
			buildActionMask = 2147483647;
			files = (
				C25531B218DBC20C0089D762 /* CoreGraphics.framework in Frameworks */,
				C25531B418DBC20C0089D762 /* UIKit.framework in Frameworks */,
				C25531B018DBC20C0089D762 /* Foundation.framework in Frameworks */,
				51BE16B576094AF7B888CD03 /* libPods.a in Frameworks */,
			);
			runOnlyForDeploymentPostprocessing = 0;
		};
		C25531C418DBC20C0089D762 /* Frameworks */ = {
			isa = PBXFrameworksBuildPhase;
			buildActionMask = 2147483647;
			files = (
				C25531C918DBC20C0089D762 /* XCTest.framework in Frameworks */,
				C25531CB18DBC20C0089D762 /* UIKit.framework in Frameworks */,
				C25531CA18DBC20C0089D762 /* Foundation.framework in Frameworks */,
			);
			runOnlyForDeploymentPostprocessing = 0;
		};
/* End PBXFrameworksBuildPhase section */

/* Begin PBXGroup section */
		C20E7DD218DE2B0700250F33 /* Storyboards */ = {
			isa = PBXGroup;
			children = (
				C20E7DD318DE2B2E00250F33 /* MainApplication.storyboard */,
				C20F7A0918DFD1B90014D711 /* WFCHomeTableHeaderView.xib */,
			);
			path = Storyboards;
			sourceTree = "<group>";
		};
		C20F79FC18DF8F060014D711 /* UIViewSubclasses */ = {
			isa = PBXGroup;
			children = (
				C20F79FD18DF8F300014D711 /* WFCTableViewCellFiveDayForecast.h */,
				C20F79FE18DF8F300014D711 /* WFCTableViewCellFiveDayForecast.m */,
			);
			path = UIViewSubclasses;
			sourceTree = "<group>";
		};
		C210D37A18DDDF7700AF5208 /* DataAccessTests */ = {
			isa = PBXGroup;
			children = (
				C210D39518DDFCA000AF5208 /* NetworkAccessTests */,
				C210D38218DDE00300AF5208 /* BinderTests */,
				C210D37B18DDDFC000AF5208 /* SampleServerResponses */,
			);
			path = DataAccessTests;
			sourceTree = "<group>";
		};
		C210D37B18DDDFC000AF5208 /* SampleServerResponses */ = {
			isa = PBXGroup;
			children = (
				C210D37C18DDDFDB00AF5208 /* SampleBadJson.json */,
				C210D37D18DDDFDB00AF5208 /* SampleWeatherDubln.json */,
				C210D37E18DDDFDB00AF5208 /* SampleWeatherMissingData.json */,
			);
			path = SampleServerResponses;
			sourceTree = "<group>";
		};
		C210D38218DDE00300AF5208 /* BinderTests */ = {
			isa = PBXGroup;
			children = (
				C210D38318DDE01A00AF5208 /* WFCWeatherDataBinderTests.m */,
			);
			path = BinderTests;
			sourceTree = "<group>";
		};
		C210D38E18DDEFCB00AF5208 /* NetworkAccess */ = {
			isa = PBXGroup;
			children = (
				C210D38F18DDEFF700AF5208 /* WFCNetworkAccess.h */,
				C210D39018DDEFF700AF5208 /* WFCNetworkAccess.m */,
				C210D39218DDF4CE00AF5208 /* WFCNetworkAccessMKNetwork.h */,
				C210D39318DDF4CE00AF5208 /* WFCNetworkAccessMKNetwork.m */,
				C210D39818DDFE1A00AF5208 /* WFCNetworkAccessRequest.h */,
				C210D39918DDFE1A00AF5208 /* WFCNetworkAccessRequest.m */,
				C20E7DCD18DE161F00250F33 /* WFCNetworkAccessForecast.h */,
				C20E7DCE18DE161F00250F33 /* WFCNetworkAccessForecast.m */,
				C2EDD7EF18DF5E5B004DA7DB /* MKNetworkEngine+WFCExtensions.h */,
				C2EDD7F018DF5E5B004DA7DB /* MKNetworkEngine+WFCExtensions.m */,
			);
			path = NetworkAccess;
			sourceTree = "<group>";
		};
		C210D39518DDFCA000AF5208 /* NetworkAccessTests */ = {
			isa = PBXGroup;
			children = (
				C210D39618DDFCD000AF5208 /* WFCNetworkAccessTests.m */,
				C210D39B18DE00B900AF5208 /* WFCNetworkAccessMKNetworkTests.m */,
				C20E7DD018DE1C8C00250F33 /* WFCNetworkAccessForecastTests.m */,
			);
			path = NetworkAccessTests;
			sourceTree = "<group>";
		};
		C25531A318DBC20C0089D762 = {
			isa = PBXGroup;
			children = (
				C25531B518DBC20C0089D762 /* WeatherFergCast */,
				C25531CE18DBC20C0089D762 /* WeatherFergCastTests */,
				C25531AE18DBC20C0089D762 /* Frameworks */,
				C25531AD18DBC20C0089D762 /* Products */,
				CD48C643127A416193DA4DE4 /* Pods.xcconfig */,
			);
			sourceTree = "<group>";
		};
		C25531AD18DBC20C0089D762 /* Products */ = {
			isa = PBXGroup;
			children = (
				C25531AC18DBC20C0089D762 /* WeatherFergCast.app */,
				C25531C718DBC20C0089D762 /* WeatherFergCastTests.xctest */,
			);
			name = Products;
			sourceTree = "<group>";
		};
		C25531AE18DBC20C0089D762 /* Frameworks */ = {
			isa = PBXGroup;
			children = (
				C25531AF18DBC20C0089D762 /* Foundation.framework */,
				C25531B118DBC20C0089D762 /* CoreGraphics.framework */,
				C25531B318DBC20C0089D762 /* UIKit.framework */,
				C25531C818DBC20C0089D762 /* XCTest.framework */,
				ECEB0E80EABE4BF59CD61C50 /* libPods.a */,
			);
			name = Frameworks;
			sourceTree = "<group>";
		};
		C25531B518DBC20C0089D762 /* WeatherFergCast */ = {
			isa = PBXGroup;
			children = (
				C20F79FC18DF8F060014D711 /* UIViewSubclasses */,
				C2EDD7F518DF6B8E004DA7DB /* ModelAccess */,
				C2AEDCD818DF3831007AB831 /* Protocols */,
				C2AEDCD118DF3743007AB831 /* CommandObjects */,
				C2AEDCBF18DF06FD007AB831 /* Persistance */,
				C25F833518DE39E100CD0A4C /* ViewControllers */,
				C20E7DD218DE2B0700250F33 /* Storyboards */,
				C2D249D518DBC9670005BEF6 /* DataAccess */,
				C25531BE18DBC20C0089D762 /* WFCAppDelegate.h */,
				C25531BF18DBC20C0089D762 /* WFCAppDelegate.m */,
				C2D249ED18DBDD420005BEF6 /* WFCWeatherConstants.h */,
				C25F833918DE411E00CD0A4C /* WFCNavigationManager.h */,
				C25F833A18DE411E00CD0A4C /* WFCNavigationManager.m */,
				C25531C118DBC20C0089D762 /* WFCImages.xcassets */,
				C25531B618DBC20C0089D762 /* Supporting Files */,
				C20F7A0618DFB3140014D711 /* UIImage+WFCExtensions.h */,
				C20F7A0718DFB3140014D711 /* UIImage+WFCExtensions.m */,
			);
			path = WeatherFergCast;
			sourceTree = "<group>";
		};
		C25531B618DBC20C0089D762 /* Supporting Files */ = {
			isa = PBXGroup;
			children = (
				C25531B718DBC20C0089D762 /* WeatherFergCast-Info.plist */,
				C25531B818DBC20C0089D762 /* InfoPlist.strings */,
				C25531BB18DBC20C0089D762 /* main.m */,
				C25531BD18DBC20C0089D762 /* WeatherFergCast-Prefix.pch */,
			);
			name = "Supporting Files";
			sourceTree = "<group>";
		};
		C25531CE18DBC20C0089D762 /* WeatherFergCastTests */ = {
			isa = PBXGroup;
			children = (
				C2AEDCC318DF0C42007AB831 /* PersistanceTests */,
				C210D37A18DDDF7700AF5208 /* DataAccessTests */,
				C25531CF18DBC20C0089D762 /* Supporting Files */,
				C210D38518DDE07100AF5208 /* NSBundle+TestBundle.h */,
				C210D38618DDE07100AF5208 /* NSBundle+TestBundle.m */,
				C20E7DCC18DE0ED700250F33 /* WeatherFergCastTestsHelper.h */,
			);
			path = WeatherFergCastTests;
			sourceTree = "<group>";
		};
		C25531CF18DBC20C0089D762 /* Supporting Files */ = {
			isa = PBXGroup;
			children = (
				C25531D018DBC20C0089D762 /* WeatherFergCastTests-Info.plist */,
				C25531D118DBC20C0089D762 /* InfoPlist.strings */,
			);
			name = "Supporting Files";
			sourceTree = "<group>";
		};
		C25F833518DE39E100CD0A4C /* ViewControllers */ = {
			isa = PBXGroup;
			children = (
				C2AEDCCD18DF2A87007AB831 /* ViewDelegates */,
				C2AEDCC918DF2202007AB831 /* ViewDataSources */,
				C25F833618DE3CB300CD0A4C /* WFCViewControllerHome.h */,
				C25F833718DE3CB300CD0A4C /* WFCViewControllerHome.m */,
				C25F833C18DE4E1100CD0A4C /* WFCViewControllerAddCity.h */,
				C25F833D18DE4E1100CD0A4C /* WFCViewControllerAddCity.m */,
			);
			path = ViewControllers;
			sourceTree = "<group>";
		};
		C2AEDCBF18DF06FD007AB831 /* Persistance */ = {
			isa = PBXGroup;
			children = (
				C2AEDCC018DF073C007AB831 /* WFCPersistanceCityNameManager.h */,
				C2AEDCC118DF073C007AB831 /* WFCPersistanceCityNameManager.m */,
				C2AEDCC618DF0F44007AB831 /* WFCPersistanceCityNamesModel.h */,
				C2AEDCC718DF0F44007AB831 /* WFCPersistanceCityNamesModel.m */,
			);
			path = Persistance;
			sourceTree = "<group>";
		};
		C2AEDCC318DF0C42007AB831 /* PersistanceTests */ = {
			isa = PBXGroup;
			children = (
				C2AEDCC418DF0C58007AB831 /* WFCPersistanceCityNameManagerTests.m */,
			);
			path = PersistanceTests;
			sourceTree = "<group>";
		};
		C2AEDCC918DF2202007AB831 /* ViewDataSources */ = {
			isa = PBXGroup;
			children = (
				C2AEDCCA18DF221E007AB831 /* WFCDataSourceAddCityTable.h */,
				C2AEDCCB18DF221E007AB831 /* WFCDataSourceAddCityTable.m */,
				C20F7A0018DF91F40014D711 /* WFCDataSourceHomeTableView.h */,
				C20F7A0118DF91F40014D711 /* WFCDataSourceHomeTableView.m */,
			);
			path = ViewDataSources;
			sourceTree = "<group>";
		};
		C2AEDCCD18DF2A87007AB831 /* ViewDelegates */ = {
			isa = PBXGroup;
			children = (
				C2AEDCCE18DF2AA0007AB831 /* WFCDelegateAddCityTable.h */,
				C2AEDCCF18DF2AA0007AB831 /* WFCDelegateAddCityTable.m */,
				C20F7A0318DF98570014D711 /* WFCDelegateHomeTableView.h */,
				C20F7A0418DF98570014D711 /* WFCDelegateHomeTableView.m */,
			);
			path = ViewDelegates;
			sourceTree = "<group>";
		};
		C2AEDCD118DF3743007AB831 /* CommandObjects */ = {
			isa = PBXGroup;
			children = (
				C2AEDCD218DF3768007AB831 /* WFCCommand.h */,
				C2AEDCD318DF3768007AB831 /* WFCCommand.m */,
				C2AEDCD518DF37F3007AB831 /* WFCCommandInvokeForecastRequest.h */,
				C2AEDCD618DF37F3007AB831 /* WFCCommandInvokeForecastRequest.m */,
			);
			path = CommandObjects;
			sourceTree = "<group>";
		};
		C2AEDCD818DF3831007AB831 /* Protocols */ = {
			isa = PBXGroup;
			children = (
				C2EDD7F918DF7212004DA7DB /* WFCForecastObserver.h */,
				C24F6CF418DFDDE800FB2629 /* WFCCityNameDelegate.h */,
			);
			path = Protocols;
			sourceTree = "<group>";
		};
		C2D249D518DBC9670005BEF6 /* DataAccess */ = {
			isa = PBXGroup;
			children = (
				C210D38E18DDEFCB00AF5208 /* NetworkAccess */,
				C2D249E118DBD4790005BEF6 /* Models */,
				C2D249E018DBD4720005BEF6 /* Binders */,
			);
			path = DataAccess;
			sourceTree = "<group>";
		};
		C2D249E018DBD4720005BEF6 /* Binders */ = {
			isa = PBXGroup;
			children = (
				C2D249E218DBD4D50005BEF6 /* WFCBinder.h */,
				C2D249E318DBD4D50005BEF6 /* WFCBinder.m */,
				C2D249EA18DBDB570005BEF6 /* WFCBinderFiveDayForecast.h */,
				C2D249EB18DBDB570005BEF6 /* WFCBinderFiveDayForecast.m */,
			);
			path = Binders;
			sourceTree = "<group>";
		};
		C2D249E118DBD4790005BEF6 /* Models */ = {
			isa = PBXGroup;
			children = (
				C2D249E518DBD4DE0005BEF6 /* WFCModelDataAccessBase.h */,
				C2D249E618DBD4DE0005BEF6 /* WFCModelDataAccessBase.m */,
				C2D249EE18DBE0860005BEF6 /* WFCModelFiveDayForecast.h */,
				C2D249EF18DBE0860005BEF6 /* WFCModelFiveDayForecast.m */,
				C210D36F18DD1DDA00AF5208 /* WFCModelCurrentConditions.h */,
				C210D37018DD1DDA00AF5208 /* WFCModelCurrentConditions.m */,
				C210D37218DD21EA00AF5208 /* WFCModelWeatherForecast.h */,
				C210D37318DD21EA00AF5208 /* WFCModelWeatherForecast.m */,
				C210D37518DD269A00AF5208 /* WFCModelSingleDayForecast.h */,
				C210D37618DD269A00AF5208 /* WFCModelSingleDayForecast.m */,
			);
			path = Models;
			sourceTree = "<group>";
		};
		C2EDD7F518DF6B8E004DA7DB /* ModelAccess */ = {
			isa = PBXGroup;
			children = (
				C2EDD7F618DF6BA6004DA7DB /* WFCModelAccessFiveDayForecast.h */,
				C2EDD7F718DF6BA6004DA7DB /* WFCModelAccessFiveDayForecast.m */,
			);
			path = ModelAccess;
			sourceTree = "<group>";
		};
/* End PBXGroup section */

/* Begin PBXNativeTarget section */
		C25531AB18DBC20C0089D762 /* WeatherFergCast */ = {
			isa = PBXNativeTarget;
			buildConfigurationList = C25531D818DBC20C0089D762 /* Build configuration list for PBXNativeTarget "WeatherFergCast" */;
			buildPhases = (
				1E9AF8B66C3A4253A8F0F9DF /* Check Pods Manifest.lock */,
				C25531A818DBC20C0089D762 /* Sources */,
				C25531A918DBC20C0089D762 /* Frameworks */,
				C25531AA18DBC20C0089D762 /* Resources */,
				DB86AD6843E943938AF2817A /* Copy Pods Resources */,
			);
			buildRules = (
			);
			dependencies = (
			);
			name = WeatherFergCast;
			productName = WeatherFergCast;
			productReference = C25531AC18DBC20C0089D762 /* WeatherFergCast.app */;
			productType = "com.apple.product-type.application";
		};
		C25531C618DBC20C0089D762 /* WeatherFergCastTests */ = {
			isa = PBXNativeTarget;
			buildConfigurationList = C25531DB18DBC20C0089D762 /* Build configuration list for PBXNativeTarget "WeatherFergCastTests" */;
			buildPhases = (
				C25531C318DBC20C0089D762 /* Sources */,
				C25531C418DBC20C0089D762 /* Frameworks */,
				C25531C518DBC20C0089D762 /* Resources */,
			);
			buildRules = (
			);
			dependencies = (
				C25531CD18DBC20C0089D762 /* PBXTargetDependency */,
			);
			name = WeatherFergCastTests;
			productName = WeatherFergCastTests;
			productReference = C25531C718DBC20C0089D762 /* WeatherFergCastTests.xctest */;
			productType = "com.apple.product-type.bundle.unit-test";
		};
/* End PBXNativeTarget section */

/* Begin PBXProject section */
		C25531A418DBC20C0089D762 /* Project object */ = {
			isa = PBXProject;
			attributes = {
				CLASSPREFIX = WFC;
				LastUpgradeCheck = 0510;
				ORGANIZATIONNAME = "Fergal Rooney";
				TargetAttributes = {
					C25531AB18DBC20C0089D762 = {
						DevelopmentTeam = 5UQF7ZR5QJ;
					};
					C25531C618DBC20C0089D762 = {
						TestTargetID = C25531AB18DBC20C0089D762;
					};
				};
			};
			buildConfigurationList = C25531A718DBC20C0089D762 /* Build configuration list for PBXProject "WeatherFergCast" */;
			compatibilityVersion = "Xcode 3.2";
			developmentRegion = English;
			hasScannedForEncodings = 0;
			knownRegions = (
				en,
			);
			mainGroup = C25531A318DBC20C0089D762;
			productRefGroup = C25531AD18DBC20C0089D762 /* Products */;
			projectDirPath = "";
			projectRoot = "";
			targets = (
				C25531AB18DBC20C0089D762 /* WeatherFergCast */,
				C25531C618DBC20C0089D762 /* WeatherFergCastTests */,
			);
		};
/* End PBXProject section */

/* Begin PBXResourcesBuildPhase section */
		C25531AA18DBC20C0089D762 /* Resources */ = {
			isa = PBXResourcesBuildPhase;
			buildActionMask = 2147483647;
			files = (
				C20F7A0A18DFD1B90014D711 /* WFCHomeTableHeaderView.xib in Resources */,
				C25531BA18DBC20C0089D762 /* InfoPlist.strings in Resources */,
				C25531C218DBC20C0089D762 /* WFCImages.xcassets in Resources */,
				C20E7DD418DE2B2E00250F33 /* MainApplication.storyboard in Resources */,
			);
			runOnlyForDeploymentPostprocessing = 0;
		};
		C25531C518DBC20C0089D762 /* Resources */ = {
			isa = PBXResourcesBuildPhase;
			buildActionMask = 2147483647;
			files = (
				C25531D318DBC20C0089D762 /* InfoPlist.strings in Resources */,
				C210D38118DDDFDB00AF5208 /* SampleWeatherMissingData.json in Resources */,
				C210D38018DDDFDB00AF5208 /* SampleWeatherDubln.json in Resources */,
				C210D37F18DDDFDB00AF5208 /* SampleBadJson.json in Resources */,
			);
			runOnlyForDeploymentPostprocessing = 0;
		};
/* End PBXResourcesBuildPhase section */

/* Begin PBXShellScriptBuildPhase section */
		1E9AF8B66C3A4253A8F0F9DF /* Check Pods Manifest.lock */ = {
			isa = PBXShellScriptBuildPhase;
			buildActionMask = 2147483647;
			files = (
			);
			inputPaths = (
			);
			name = "Check Pods Manifest.lock";
			outputPaths = (
			);
			runOnlyForDeploymentPostprocessing = 0;
			shellPath = /bin/sh;
			shellScript = "diff \"${PODS_ROOT}/../Podfile.lock\" \"${PODS_ROOT}/Manifest.lock\" > /dev/null\nif [[ $? != 0 ]] ; then\n    cat << EOM\nerror: The sandbox is not in sync with the Podfile.lock. Run 'pod install' or update your CocoaPods installation.\nEOM\n    exit 1\nfi\n";
			showEnvVarsInLog = 0;
		};
		DB86AD6843E943938AF2817A /* Copy Pods Resources */ = {
			isa = PBXShellScriptBuildPhase;
			buildActionMask = 2147483647;
			files = (
			);
			inputPaths = (
			);
			name = "Copy Pods Resources";
			outputPaths = (
			);
			runOnlyForDeploymentPostprocessing = 0;
			shellPath = /bin/sh;
			shellScript = "\"${SRCROOT}/Pods/Pods-resources.sh\"\n";
			showEnvVarsInLog = 0;
		};
/* End PBXShellScriptBuildPhase section */

/* Begin PBXSourcesBuildPhase section */
		C25531A818DBC20C0089D762 /* Sources */ = {
			isa = PBXSourcesBuildPhase;
			buildActionMask = 2147483647;
			files = (
				C2AEDCD718DF37F3007AB831 /* WFCCommandInvokeForecastRequest.m in Sources */,
				C20E7DCF18DE161F00250F33 /* WFCNetworkAccessForecast.m in Sources */,
				C20F7A0818DFB3140014D711 /* UIImage+WFCExtensions.m in Sources */,
				C2AEDCD018DF2AA0007AB831 /* WFCDelegateAddCityTable.m in Sources */,
				C2AEDCD418DF3768007AB831 /* WFCCommand.m in Sources */,
				C210D37118DD1DDA00AF5208 /* WFCModelCurrentConditions.m in Sources */,
				C2D249F018DBE0860005BEF6 /* WFCModelFiveDayForecast.m in Sources */,
				C25531BC18DBC20C0089D762 /* main.m in Sources */,
				C2D249EC18DBDB570005BEF6 /* WFCBinderFiveDayForecast.m in Sources */,
				C210D37418DD21EA00AF5208 /* WFCModelWeatherForecast.m in Sources */,
				C2EDD7F118DF5E5B004DA7DB /* MKNetworkEngine+WFCExtensions.m in Sources */,
				C20F7A0218DF91F40014D711 /* WFCDataSourceHomeTableView.m in Sources */,
				C20F79FF18DF8F300014D711 /* WFCTableViewCellFiveDayForecast.m in Sources */,
				C25F833E18DE4E1100CD0A4C /* WFCViewControllerAddCity.m in Sources */,
				C2AEDCCC18DF221E007AB831 /* WFCDataSourceAddCityTable.m in Sources */,
				C2D249E418DBD4D50005BEF6 /* WFCBinder.m in Sources */,
				C210D39118DDEFF700AF5208 /* WFCNetworkAccess.m in Sources */,
				C210D39418DDF4CE00AF5208 /* WFCNetworkAccessMKNetwork.m in Sources */,
				C20F7A0518DF98570014D711 /* WFCDelegateHomeTableView.m in Sources */,
				C210D37718DD269A00AF5208 /* WFCModelSingleDayForecast.m in Sources */,
				C25531C018DBC20C0089D762 /* WFCAppDelegate.m in Sources */,
				C2AEDCC818DF0F44007AB831 /* WFCPersistanceCityNamesModel.m in Sources */,
				C25F833B18DE411E00CD0A4C /* WFCNavigationManager.m in Sources */,
				C2D249E718DBD4DE0005BEF6 /* WFCModelDataAccessBase.m in Sources */,
				C2EDD7F818DF6BA6004DA7DB /* WFCModelAccessFiveDayForecast.m in Sources */,
				C25F833818DE3CB300CD0A4C /* WFCViewControllerHome.m in Sources */,
				C2AEDCC218DF073C007AB831 /* WFCPersistanceCityNameManager.m in Sources */,
				C210D39A18DDFE1A00AF5208 /* WFCNetworkAccessRequest.m in Sources */,
			);
			runOnlyForDeploymentPostprocessing = 0;
		};
		C25531C318DBC20C0089D762 /* Sources */ = {
			isa = PBXSourcesBuildPhase;
			buildActionMask = 2147483647;
			files = (
				C210D39C18DE00B900AF5208 /* WFCNetworkAccessMKNetworkTests.m in Sources */,
				C210D38718DDE07100AF5208 /* NSBundle+TestBundle.m in Sources */,
				C2AEDCC518DF0C58007AB831 /* WFCPersistanceCityNameManagerTests.m in Sources */,
				C210D39718DDFCD000AF5208 /* WFCNetworkAccessTests.m in Sources */,
				C20E7DD118DE1C8C00250F33 /* WFCNetworkAccessForecastTests.m in Sources */,
				C210D38418DDE01A00AF5208 /* WFCWeatherDataBinderTests.m in Sources */,
			);
			runOnlyForDeploymentPostprocessing = 0;
		};
/* End PBXSourcesBuildPhase section */

/* Begin PBXTargetDependency section */
		C25531CD18DBC20C0089D762 /* PBXTargetDependency */ = {
			isa = PBXTargetDependency;
			target = C25531AB18DBC20C0089D762 /* WeatherFergCast */;
			targetProxy = C25531CC18DBC20C0089D762 /* PBXContainerItemProxy */;
		};
/* End PBXTargetDependency section */

/* Begin PBXVariantGroup section */
		C25531B818DBC20C0089D762 /* InfoPlist.strings */ = {
			isa = PBXVariantGroup;
			children = (
				C25531B918DBC20C0089D762 /* en */,
			);
			name = InfoPlist.strings;
			sourceTree = "<group>";
		};
		C25531D118DBC20C0089D762 /* InfoPlist.strings */ = {
			isa = PBXVariantGroup;
			children = (
				C25531D218DBC20C0089D762 /* en */,
			);
			name = InfoPlist.strings;
			sourceTree = "<group>";
		};
/* End PBXVariantGroup section */

/* Begin XCBuildConfiguration section */
		C25531D618DBC20C0089D762 /* Debug */ = {
			isa = XCBuildConfiguration;
			buildSettings = {
				ALWAYS_SEARCH_USER_PATHS = NO;
				CLANG_CXX_LANGUAGE_STANDARD = "gnu++0x";
				CLANG_CXX_LIBRARY = "libc++";
				CLANG_ENABLE_MODULES = YES;
				CLANG_ENABLE_OBJC_ARC = YES;
				CLANG_WARN_BOOL_CONVERSION = YES;
				CLANG_WARN_CONSTANT_CONVERSION = YES;
				CLANG_WARN_DIRECT_OBJC_ISA_USAGE = YES_ERROR;
				CLANG_WARN_EMPTY_BODY = YES;
				CLANG_WARN_ENUM_CONVERSION = YES;
				CLANG_WARN_INT_CONVERSION = YES;
				CLANG_WARN_OBJC_ROOT_CLASS = YES_ERROR;
				CLANG_WARN__DUPLICATE_METHOD_MATCH = YES;
				"CODE_SIGN_IDENTITY[sdk=iphoneos*]" = "iPhone Developer";
				COPY_PHASE_STRIP = NO;
				GCC_C_LANGUAGE_STANDARD = gnu99;
				GCC_DYNAMIC_NO_PIC = NO;
				GCC_OPTIMIZATION_LEVEL = 0;
				GCC_PREPROCESSOR_DEFINITIONS = (
					"DEBUG=1",
					"$(inherited)",
				);
				GCC_SYMBOLS_PRIVATE_EXTERN = NO;
				GCC_WARN_64_TO_32_BIT_CONVERSION = YES;
				GCC_WARN_ABOUT_RETURN_TYPE = YES_ERROR;
				GCC_WARN_UNDECLARED_SELECTOR = YES;
				GCC_WARN_UNINITIALIZED_AUTOS = YES_AGGRESSIVE;
				GCC_WARN_UNUSED_FUNCTION = YES;
				GCC_WARN_UNUSED_VARIABLE = YES;
				IPHONEOS_DEPLOYMENT_TARGET = 7.1;
				ONLY_ACTIVE_ARCH = YES;
				SDKROOT = iphoneos;
			};
			name = Debug;
		};
		C25531D718DBC20C0089D762 /* Release */ = {
			isa = XCBuildConfiguration;
			buildSettings = {
				ALWAYS_SEARCH_USER_PATHS = NO;
				CLANG_CXX_LANGUAGE_STANDARD = "gnu++0x";
				CLANG_CXX_LIBRARY = "libc++";
				CLANG_ENABLE_MODULES = YES;
				CLANG_ENABLE_OBJC_ARC = YES;
				CLANG_WARN_BOOL_CONVERSION = YES;
				CLANG_WARN_CONSTANT_CONVERSION = YES;
				CLANG_WARN_DIRECT_OBJC_ISA_USAGE = YES_ERROR;
				CLANG_WARN_EMPTY_BODY = YES;
				CLANG_WARN_ENUM_CONVERSION = YES;
				CLANG_WARN_INT_CONVERSION = YES;
				CLANG_WARN_OBJC_ROOT_CLASS = YES_ERROR;
				CLANG_WARN__DUPLICATE_METHOD_MATCH = YES;
				"CODE_SIGN_IDENTITY[sdk=iphoneos*]" = "iPhone Developer";
				COPY_PHASE_STRIP = YES;
				ENABLE_NS_ASSERTIONS = NO;
				GCC_C_LANGUAGE_STANDARD = gnu99;
				GCC_WARN_64_TO_32_BIT_CONVERSION = YES;
				GCC_WARN_ABOUT_RETURN_TYPE = YES_ERROR;
				GCC_WARN_UNDECLARED_SELECTOR = YES;
				GCC_WARN_UNINITIALIZED_AUTOS = YES_AGGRESSIVE;
				GCC_WARN_UNUSED_FUNCTION = YES;
				GCC_WARN_UNUSED_VARIABLE = YES;
				IPHONEOS_DEPLOYMENT_TARGET = 7.1;
				SDKROOT = iphoneos;
				VALIDATE_PRODUCT = YES;
			};
			name = Release;
		};
		C25531D918DBC20C0089D762 /* Debug */ = {
			isa = XCBuildConfiguration;
			baseConfigurationReference = CD48C643127A416193DA4DE4 /* Pods.xcconfig */;
			buildSettings = {
				ASSETCATALOG_COMPILER_APPICON_NAME = AppIcon;
				ASSETCATALOG_COMPILER_LAUNCHIMAGE_NAME = LaunchImage;
				CODE_SIGN_IDENTITY = "iPhone Developer";
				"CODE_SIGN_IDENTITY[sdk=iphoneos*]" = "iPhone Developer";
				GCC_PRECOMPILE_PREFIX_HEADER = YES;
				GCC_PREFIX_HEADER = "WeatherFergCast/WeatherFergCast-Prefix.pch";
				INFOPLIST_FILE = "WeatherFergCast/WeatherFergCast-Info.plist";
				PRODUCT_NAME = "$(TARGET_NAME)";
				PROVISIONING_PROFILE = "";
				WRAPPER_EXTENSION = app;
			};
			name = Debug;
		};
		C25531DA18DBC20C0089D762 /* Release */ = {
			isa = XCBuildConfiguration;
			baseConfigurationReference = CD48C643127A416193DA4DE4 /* Pods.xcconfig */;
			buildSettings = {
				ASSETCATALOG_COMPILER_APPICON_NAME = AppIcon;
				ASSETCATALOG_COMPILER_LAUNCHIMAGE_NAME = LaunchImage;
				CODE_SIGN_IDENTITY = "iPhone Developer";
				"CODE_SIGN_IDENTITY[sdk=iphoneos*]" = "iPhone Developer";
				GCC_PRECOMPILE_PREFIX_HEADER = YES;
				GCC_PREFIX_HEADER = "WeatherFergCast/WeatherFergCast-Prefix.pch";
				INFOPLIST_FILE = "WeatherFergCast/WeatherFergCast-Info.plist";
				PRODUCT_NAME = "$(TARGET_NAME)";
				PROVISIONING_PROFILE = "";
				WRAPPER_EXTENSION = app;
			};
			name = Release;
		};
		C25531DC18DBC20C0089D762 /* Debug */ = {
			isa = XCBuildConfiguration;
			baseConfigurationReference = CD48C643127A416193DA4DE4 /* Pods.xcconfig */;
			buildSettings = {
				BUNDLE_LOADER = "$(BUILT_PRODUCTS_DIR)/WeatherFergCast.app/WeatherFergCast";
				FRAMEWORK_SEARCH_PATHS = (
					"$(SDKROOT)/Developer/Library/Frameworks",
					"$(inherited)",
					"$(DEVELOPER_FRAMEWORKS_DIR)",
				);
				GCC_PRECOMPILE_PREFIX_HEADER = YES;
				GCC_PREFIX_HEADER = "WeatherFergCast/WeatherFergCast-Prefix.pch";
				GCC_PREPROCESSOR_DEFINITIONS = (
					"DEBUG=1",
					"$(inherited)",
				);
				INFOPLIST_FILE = "WeatherFergCastTests/WeatherFergCastTests-Info.plist";
				PRODUCT_NAME = "$(TARGET_NAME)";
				TEST_HOST = "$(BUNDLE_LOADER)";
				WRAPPER_EXTENSION = xctest;
			};
			name = Debug;
		};
		C25531DD18DBC20C0089D762 /* Release */ = {
			isa = XCBuildConfiguration;
			buildSettings = {
				BUNDLE_LOADER = "$(BUILT_PRODUCTS_DIR)/WeatherFergCast.app/WeatherFergCast";
				FRAMEWORK_SEARCH_PATHS = (
					"$(SDKROOT)/Developer/Library/Frameworks",
					"$(inherited)",
					"$(DEVELOPER_FRAMEWORKS_DIR)",
				);
				GCC_PRECOMPILE_PREFIX_HEADER = YES;
				GCC_PREFIX_HEADER = "WeatherFergCast/WeatherFergCast-Prefix.pch";
				INFOPLIST_FILE = "WeatherFergCastTests/WeatherFergCastTests-Info.plist";
				PRODUCT_NAME = "$(TARGET_NAME)";
				TEST_HOST = "$(BUNDLE_LOADER)";
				WRAPPER_EXTENSION = xctest;
			};
			name = Release;
		};
/* End XCBuildConfiguration section */

/* Begin XCConfigurationList section */
		C25531A718DBC20C0089D762 /* Build configuration list for PBXProject "WeatherFergCast" */ = {
			isa = XCConfigurationList;
			buildConfigurations = (
				C25531D618DBC20C0089D762 /* Debug */,
				C25531D718DBC20C0089D762 /* Release */,
			);
			defaultConfigurationIsVisible = 0;
			defaultConfigurationName = Release;
		};
		C25531D818DBC20C0089D762 /* Build configuration list for PBXNativeTarget "WeatherFergCast" */ = {
			isa = XCConfigurationList;
			buildConfigurations = (
				C25531D918DBC20C0089D762 /* Debug */,
				C25531DA18DBC20C0089D762 /* Release */,
			);
			defaultConfigurationIsVisible = 0;
			defaultConfigurationName = Release;
		};
		C25531DB18DBC20C0089D762 /* Build configuration list for PBXNativeTarget "WeatherFergCastTests" */ = {
			isa = XCConfigurationList;
			buildConfigurations = (
				C25531DC18DBC20C0089D762 /* Debug */,
				C25531DD18DBC20C0089D762 /* Release */,
			);
			defaultConfigurationIsVisible = 0;
			defaultConfigurationName = Release;
		};
/* End XCConfigurationList section */
	};
	rootObject = C25531A418DBC20C0089D762 /* Project object */;
}
